
Microsoft Visual Studio Solution File, Format Version 12.00
# Visual Studio Version 16
VisualStudioVersion = 16.0.29806.167
MinimumVisualStudioVersion = 10.0.40219.1
Project("{9A19103F-16F7-4668-BE54-9A1E7A4F7556}") = "SeedWork", "SeedWork\SeedWork.csproj", "{41F5CDF6-54C0-4EAB-88AE-2BE3E9974D52}"
EndProject
Project("{9A19103F-16F7-4668-BE54-9A1E7A4F7556}") = "WebApiServer", "WebApiServer\WebApiServer.csproj", "{F0254FF4-36C5-4EF0-81D7-BF115C83FDC9}"
EndProject
Project("{E53339B2-1760-4266-BCC7-CA923CBCF16C}") = "docker-compose", "docker-compose.dcproj", "{2F52D913-A8A7-4F92-BD72-DF925B799567}"
EndProject
Project("{FAE04EC0-301F-11D3-BF4B-00C04F79EFBC}") = "IdServer", "IdServer\IdServer.csproj", "{D4646D45-401D-4026-A88B-8584D57ECE4A}"
EndProject
Global
	GlobalSection(SolutionConfigurationPlatforms) = preSolution
		Debug|Any CPU = Debug|Any CPU
		Release|Any CPU = Release|Any CPU
	EndGlobalSection
	GlobalSection(ProjectConfigurationPlatforms) = postSolution
		{41F5CDF6-54C0-4EAB-88AE-2BE3E9974D52}.Debug|Any CPU.ActiveCfg = Debug|Any CPU
		{41F5CDF6-54C0-4EAB-88AE-2BE3E9974D52}.Debug|Any CPU.Build.0 = Debug|Any CPU
		{41F5CDF6-54C0-4EAB-88AE-2BE3E9974D52}.Release|Any CPU.ActiveCfg = Release|Any CPU
		{41F5CDF6-54C0-4EAB-88AE-2BE3E9974D52}.Release|Any CPU.Build.0 = Release|Any CPU
		{F0254FF4-36C5-4EF0-81D7-BF115C83FDC9}.Debug|Any CPU.ActiveCfg = Debug|Any CPU
		{F0254FF4-36C5-4EF0-81D7-BF115C83FDC9}.Debug|Any CPU.Build.0 = Debug|Any CPU
		{F0254FF4-36C5-4EF0-81D7-BF115C83FDC9}.Release|Any CPU.ActiveCfg = Release|Any CPU
		{F0254FF4-36C5-4EF0-81D7-BF115C83FDC9}.Release|Any CPU.Build.0 = Release|Any CPU
		{2F52D913-A8A7-4F92-BD72-DF925B799567}.Debug|Any CPU.ActiveCfg = Debug|Any CPU
		{2F52D913-A8A7-4F92-BD72-DF925B799567}.Debug|Any CPU.Build.0 = Debug|Any CPU
		{2F52D913-A8A7-4F92-BD72-DF925B799567}.Release|Any CPU.ActiveCfg = Release|Any CPU
		{2F52D913-A8A7-4F92-BD72-DF925B799567}.Release|Any CPU.Build.0 = Release|Any CPU
		{D4646D45-401D-4026-A88B-8584D57ECE4A}.Debug|Any CPU.ActiveCfg = Debug|Any CPU
		{D4646D45-401D-4026-A88B-8584D57ECE4A}.Debug|Any CPU.Build.0 = Debug|Any CPU
		{D4646D45-401D-4026-A88B-8584D57ECE4A}.Release|Any CPU.ActiveCfg = Release|Any CPU
		{D4646D45-401D-4026-A88B-8584D57ECE4A}.Release|Any CPU.Build.0 = Release|Any CPU
	EndGlobalSection
	GlobalSection(SolutionProperties) = preSolution
		HideSolutionNode = FALSE
	EndGlobalSection
	GlobalSection(ExtensibilityGlobals) = postSolution
		SolutionGuid = {AE840773-7FD1-416F-8365-6EE351EDBD38}
	EndGlobalSection
EndGlobal
